<?xml version="1.0" encoding="UTF-8"?>
<CodeBlocks_project_file>
	<FileVersion major="1" minor="6"/>
	<Project>
		<Option title="C99"/>
		<Option makefile_is_custom="1"/>
		<Option compiler="gcc"/>
		<Option virtualFolders="CMake Files\;CMake Files\..\;CMake Files\..\..\;CMake Files\..\..\exe\;CMake Files\..\..\exe\clion-2019.1.3\;CMake Files\..\..\exe\clion-2019.1.3\bin\;CMake Files\..\..\exe\clion-2019.1.3\bin\cmake\;CMake Files\..\..\exe\clion-2019.1.3\bin\cmake\linux\;CMake Files\..\..\exe\clion-2019.1.3\bin\cmake\linux\share\;CMake Files\..\..\exe\clion-2019.1.3\bin\cmake\linux\share\cmake-3.14\;CMake Files\..\..\exe\clion-2019.1.3\bin\cmake\linux\share\cmake-3.14\Modules\;CMake Files\..\..\exe\clion-2019.1.3\bin\cmake\linux\share\cmake-3.14\Modules\Platform\;CMake Files\..\..\exe\clion-2019.1.3\bin\cmake\linux\share\cmake-3.14\Modules\Compiler\;CMake Files\..\..\exe\clion-2019.1.3\bin\cmake\linux\share\cmake-3.14\Modules\Internal\;"/>
		<Build>
			<Target title="all">
				<Option working_dir="/root/H/home/zhc/code/C99"/>
				<Option type="4"/>
				<MakeCommands>
					<Build command="/usr/bin/make -j4 -f &quot;/root/H/home/zhc/code/C99/Makefile&quot;  VERBOSE=1 all"/>
					<CompileFile command="/usr/bin/make -j4 -f &quot;/root/H/home/zhc/code/C99/Makefile&quot;  VERBOSE=1 &quot;$file&quot;"/>
					<Clean command="/usr/bin/make -j4 -f &quot;/root/H/home/zhc/code/C99/Makefile&quot;  VERBOSE=1 clean"/>
					<DistClean command="/usr/bin/make -j4 -f &quot;/root/H/home/zhc/code/C99/Makefile&quot;  VERBOSE=1 clean"/>
				</MakeCommands>
			</Target>
			<Target title="getFileSize">
				<Option output="/root/H/home/zhc/code/C99/getFileSize" prefix_auto="0" extension_auto="0"/>
				<Option working_dir="/root/H/home/zhc/code/C99"/>
				<Option object_output="./"/>
				<Option type="1"/>
				<Option compiler="gcc"/>
				<Compiler>
					<Add directory="/usr/lib/gcc/x86_64-linux-gnu/8/include"/>
					<Add directory="/usr/local/include"/>
					<Add directory="/usr/lib/gcc/x86_64-linux-gnu/8/include-fixed"/>
					<Add directory="/usr/include/x86_64-linux-gnu"/>
					<Add directory="/usr/include"/>
				</Compiler>
				<MakeCommands>
					<Build command="/usr/bin/make -j4 -f &quot;/root/H/home/zhc/code/C99/Makefile&quot;  VERBOSE=1 getFileSize"/>
					<CompileFile command="/usr/bin/make -j4 -f &quot;/root/H/home/zhc/code/C99/Makefile&quot;  VERBOSE=1 &quot;$file&quot;"/>
					<Clean command="/usr/bin/make -j4 -f &quot;/root/H/home/zhc/code/C99/Makefile&quot;  VERBOSE=1 clean"/>
					<DistClean command="/usr/bin/make -j4 -f &quot;/root/H/home/zhc/code/C99/Makefile&quot;  VERBOSE=1 clean"/>
				</MakeCommands>
			</Target>
			<Target title="getFileSize/fast">
				<Option output="/root/H/home/zhc/code/C99/getFileSize" prefix_auto="0" extension_auto="0"/>
				<Option working_dir="/root/H/home/zhc/code/C99"/>
				<Option object_output="./"/>
				<Option type="1"/>
				<Option compiler="gcc"/>
				<Compiler>
					<Add directory="/usr/lib/gcc/x86_64-linux-gnu/8/include"/>
					<Add directory="/usr/local/include"/>
					<Add directory="/usr/lib/gcc/x86_64-linux-gnu/8/include-fixed"/>
					<Add directory="/usr/include/x86_64-linux-gnu"/>
					<Add directory="/usr/include"/>
				</Compiler>
				<MakeCommands>
					<Build command="/usr/bin/make -j4 -f &quot;/root/H/home/zhc/code/C99/Makefile&quot;  VERBOSE=1 getFileSize/fast"/>
					<CompileFile command="/usr/bin/make -j4 -f &quot;/root/H/home/zhc/code/C99/Makefile&quot;  VERBOSE=1 &quot;$file&quot;"/>
					<Clean command="/usr/bin/make -j4 -f &quot;/root/H/home/zhc/code/C99/Makefile&quot;  VERBOSE=1 clean"/>
					<DistClean command="/usr/bin/make -j4 -f &quot;/root/H/home/zhc/code/C99/Makefile&quot;  VERBOSE=1 clean"/>
				</MakeCommands>
			</Target>
			<Target title="demo4">
				<Option output="/root/H/home/zhc/code/C99/demo4" prefix_auto="0" extension_auto="0"/>
				<Option working_dir="/root/H/home/zhc/code/C99"/>
				<Option object_output="./"/>
				<Option type="1"/>
				<Option compiler="gcc"/>
				<Compiler>
					<Add directory="/usr/lib/gcc/x86_64-linux-gnu/8/include"/>
					<Add directory="/usr/local/include"/>
					<Add directory="/usr/lib/gcc/x86_64-linux-gnu/8/include-fixed"/>
					<Add directory="/usr/include/x86_64-linux-gnu"/>
					<Add directory="/usr/include"/>
				</Compiler>
				<MakeCommands>
					<Build command="/usr/bin/make -j4 -f &quot;/root/H/home/zhc/code/C99/Makefile&quot;  VERBOSE=1 demo4"/>
					<CompileFile command="/usr/bin/make -j4 -f &quot;/root/H/home/zhc/code/C99/Makefile&quot;  VERBOSE=1 &quot;$file&quot;"/>
					<Clean command="/usr/bin/make -j4 -f &quot;/root/H/home/zhc/code/C99/Makefile&quot;  VERBOSE=1 clean"/>
					<DistClean command="/usr/bin/make -j4 -f &quot;/root/H/home/zhc/code/C99/Makefile&quot;  VERBOSE=1 clean"/>
				</MakeCommands>
			</Target>
			<Target title="demo4/fast">
				<Option output="/root/H/home/zhc/code/C99/demo4" prefix_auto="0" extension_auto="0"/>
				<Option working_dir="/root/H/home/zhc/code/C99"/>
				<Option object_output="./"/>
				<Option type="1"/>
				<Option compiler="gcc"/>
				<Compiler>
					<Add directory="/usr/lib/gcc/x86_64-linux-gnu/8/include"/>
					<Add directory="/usr/local/include"/>
					<Add directory="/usr/lib/gcc/x86_64-linux-gnu/8/include-fixed"/>
					<Add directory="/usr/include/x86_64-linux-gnu"/>
					<Add directory="/usr/include"/>
				</Compiler>
				<MakeCommands>
					<Build command="/usr/bin/make -j4 -f &quot;/root/H/home/zhc/code/C99/Makefile&quot;  VERBOSE=1 demo4/fast"/>
					<CompileFile command="/usr/bin/make -j4 -f &quot;/root/H/home/zhc/code/C99/Makefile&quot;  VERBOSE=1 &quot;$file&quot;"/>
					<Clean command="/usr/bin/make -j4 -f &quot;/root/H/home/zhc/code/C99/Makefile&quot;  VERBOSE=1 clean"/>
					<DistClean command="/usr/bin/make -j4 -f &quot;/root/H/home/zhc/code/C99/Makefile&quot;  VERBOSE=1 clean"/>
				</MakeCommands>
			</Target>
			<Target title="Base128">
				<Option output="/root/H/home/zhc/code/C99/Base128" prefix_auto="0" extension_auto="0"/>
				<Option working_dir="/root/H/home/zhc/code/C99"/>
				<Option object_output="./"/>
				<Option type="1"/>
				<Option compiler="gcc"/>
				<Compiler>
					<Add directory="/usr/lib/gcc/x86_64-linux-gnu/8/include"/>
					<Add directory="/usr/local/include"/>
					<Add directory="/usr/lib/gcc/x86_64-linux-gnu/8/include-fixed"/>
					<Add directory="/usr/include/x86_64-linux-gnu"/>
					<Add directory="/usr/include"/>
				</Compiler>
				<MakeCommands>
					<Build command="/usr/bin/make -j4 -f &quot;/root/H/home/zhc/code/C99/Makefile&quot;  VERBOSE=1 Base128"/>
					<CompileFile command="/usr/bin/make -j4 -f &quot;/root/H/home/zhc/code/C99/Makefile&quot;  VERBOSE=1 &quot;$file&quot;"/>
					<Clean command="/usr/bin/make -j4 -f &quot;/root/H/home/zhc/code/C99/Makefile&quot;  VERBOSE=1 clean"/>
					<DistClean command="/usr/bin/make -j4 -f &quot;/root/H/home/zhc/code/C99/Makefile&quot;  VERBOSE=1 clean"/>
				</MakeCommands>
			</Target>
			<Target title="Base128/fast">
				<Option output="/root/H/home/zhc/code/C99/Base128" prefix_auto="0" extension_auto="0"/>
				<Option working_dir="/root/H/home/zhc/code/C99"/>
				<Option object_output="./"/>
				<Option type="1"/>
				<Option compiler="gcc"/>
				<Compiler>
					<Add directory="/usr/lib/gcc/x86_64-linux-gnu/8/include"/>
					<Add directory="/usr/local/include"/>
					<Add directory="/usr/lib/gcc/x86_64-linux-gnu/8/include-fixed"/>
					<Add directory="/usr/include/x86_64-linux-gnu"/>
					<Add directory="/usr/include"/>
				</Compiler>
				<MakeCommands>
					<Build command="/usr/bin/make -j4 -f &quot;/root/H/home/zhc/code/C99/Makefile&quot;  VERBOSE=1 Base128/fast"/>
					<CompileFile command="/usr/bin/make -j4 -f &quot;/root/H/home/zhc/code/C99/Makefile&quot;  VERBOSE=1 &quot;$file&quot;"/>
					<Clean command="/usr/bin/make -j4 -f &quot;/root/H/home/zhc/code/C99/Makefile&quot;  VERBOSE=1 clean"/>
					<DistClean command="/usr/bin/make -j4 -f &quot;/root/H/home/zhc/code/C99/Makefile&quot;  VERBOSE=1 clean"/>
				</MakeCommands>
			</Target>
			<Target title="edit_cache">
				<Option working_dir="/root/H/home/zhc/code/C99"/>
				<Option type="4"/>
				<MakeCommands>
					<Build command="/usr/bin/make -j4 -f &quot;/root/H/home/zhc/code/C99/Makefile&quot;  VERBOSE=1 edit_cache"/>
					<CompileFile command="/usr/bin/make -j4 -f &quot;/root/H/home/zhc/code/C99/Makefile&quot;  VERBOSE=1 &quot;$file&quot;"/>
					<Clean command="/usr/bin/make -j4 -f &quot;/root/H/home/zhc/code/C99/Makefile&quot;  VERBOSE=1 clean"/>
					<DistClean command="/usr/bin/make -j4 -f &quot;/root/H/home/zhc/code/C99/Makefile&quot;  VERBOSE=1 clean"/>
				</MakeCommands>
			</Target>
			<Target title="Base128_Old">
				<Option output="/root/H/home/zhc/code/C99/Base128_Old" prefix_auto="0" extension_auto="0"/>
				<Option working_dir="/root/H/home/zhc/code/C99"/>
				<Option object_output="./"/>
				<Option type="1"/>
				<Option compiler="gcc"/>
				<Compiler>
					<Add directory="/usr/lib/gcc/x86_64-linux-gnu/8/include"/>
					<Add directory="/usr/local/include"/>
					<Add directory="/usr/lib/gcc/x86_64-linux-gnu/8/include-fixed"/>
					<Add directory="/usr/include/x86_64-linux-gnu"/>
					<Add directory="/usr/include"/>
				</Compiler>
				<MakeCommands>
					<Build command="/usr/bin/make -j4 -f &quot;/root/H/home/zhc/code/C99/Makefile&quot;  VERBOSE=1 Base128_Old"/>
					<CompileFile command="/usr/bin/make -j4 -f &quot;/root/H/home/zhc/code/C99/Makefile&quot;  VERBOSE=1 &quot;$file&quot;"/>
					<Clean command="/usr/bin/make -j4 -f &quot;/root/H/home/zhc/code/C99/Makefile&quot;  VERBOSE=1 clean"/>
					<DistClean command="/usr/bin/make -j4 -f &quot;/root/H/home/zhc/code/C99/Makefile&quot;  VERBOSE=1 clean"/>
				</MakeCommands>
			</Target>
			<Target title="Base128_Old/fast">
				<Option output="/root/H/home/zhc/code/C99/Base128_Old" prefix_auto="0" extension_auto="0"/>
				<Option working_dir="/root/H/home/zhc/code/C99"/>
				<Option object_output="./"/>
				<Option type="1"/>
				<Option compiler="gcc"/>
				<Compiler>
					<Add directory="/usr/lib/gcc/x86_64-linux-gnu/8/include"/>
					<Add directory="/usr/local/include"/>
					<Add directory="/usr/lib/gcc/x86_64-linux-gnu/8/include-fixed"/>
					<Add directory="/usr/include/x86_64-linux-gnu"/>
					<Add directory="/usr/include"/>
				</Compiler>
				<MakeCommands>
					<Build command="/usr/bin/make -j4 -f &quot;/root/H/home/zhc/code/C99/Makefile&quot;  VERBOSE=1 Base128_Old/fast"/>
					<CompileFile command="/usr/bin/make -j4 -f &quot;/root/H/home/zhc/code/C99/Makefile&quot;  VERBOSE=1 &quot;$file&quot;"/>
					<Clean command="/usr/bin/make -j4 -f &quot;/root/H/home/zhc/code/C99/Makefile&quot;  VERBOSE=1 clean"/>
					<DistClean command="/usr/bin/make -j4 -f &quot;/root/H/home/zhc/code/C99/Makefile&quot;  VERBOSE=1 clean"/>
				</MakeCommands>
			</Target>
			<Target title="demo5">
				<Option output="/root/H/home/zhc/code/C99/demo5" prefix_auto="0" extension_auto="0"/>
				<Option working_dir="/root/H/home/zhc/code/C99"/>
				<Option object_output="./"/>
				<Option type="1"/>
				<Option compiler="gcc"/>
				<Compiler>
					<Add directory="/usr/lib/gcc/x86_64-linux-gnu/8/include"/>
					<Add directory="/usr/local/include"/>
					<Add directory="/usr/lib/gcc/x86_64-linux-gnu/8/include-fixed"/>
					<Add directory="/usr/include/x86_64-linux-gnu"/>
					<Add directory="/usr/include"/>
				</Compiler>
				<MakeCommands>
					<Build command="/usr/bin/make -j4 -f &quot;/root/H/home/zhc/code/C99/Makefile&quot;  VERBOSE=1 demo5"/>
					<CompileFile command="/usr/bin/make -j4 -f &quot;/root/H/home/zhc/code/C99/Makefile&quot;  VERBOSE=1 &quot;$file&quot;"/>
					<Clean command="/usr/bin/make -j4 -f &quot;/root/H/home/zhc/code/C99/Makefile&quot;  VERBOSE=1 clean"/>
					<DistClean command="/usr/bin/make -j4 -f &quot;/root/H/home/zhc/code/C99/Makefile&quot;  VERBOSE=1 clean"/>
				</MakeCommands>
			</Target>
			<Target title="demo5/fast">
				<Option output="/root/H/home/zhc/code/C99/demo5" prefix_auto="0" extension_auto="0"/>
				<Option working_dir="/root/H/home/zhc/code/C99"/>
				<Option object_output="./"/>
				<Option type="1"/>
				<Option compiler="gcc"/>
				<Compiler>
					<Add directory="/usr/lib/gcc/x86_64-linux-gnu/8/include"/>
					<Add directory="/usr/local/include"/>
					<Add directory="/usr/lib/gcc/x86_64-linux-gnu/8/include-fixed"/>
					<Add directory="/usr/include/x86_64-linux-gnu"/>
					<Add directory="/usr/include"/>
				</Compiler>
				<MakeCommands>
					<Build command="/usr/bin/make -j4 -f &quot;/root/H/home/zhc/code/C99/Makefile&quot;  VERBOSE=1 demo5/fast"/>
					<CompileFile command="/usr/bin/make -j4 -f &quot;/root/H/home/zhc/code/C99/Makefile&quot;  VERBOSE=1 &quot;$file&quot;"/>
					<Clean command="/usr/bin/make -j4 -f &quot;/root/H/home/zhc/code/C99/Makefile&quot;  VERBOSE=1 clean"/>
					<DistClean command="/usr/bin/make -j4 -f &quot;/root/H/home/zhc/code/C99/Makefile&quot;  VERBOSE=1 clean"/>
				</MakeCommands>
			</Target>
			<Target title="demo1">
				<Option output="/root/H/home/zhc/code/C99/demo1" prefix_auto="0" extension_auto="0"/>
				<Option working_dir="/root/H/home/zhc/code/C99"/>
				<Option object_output="./"/>
				<Option type="1"/>
				<Option compiler="gcc"/>
				<Compiler>
					<Add directory="/usr/lib/gcc/x86_64-linux-gnu/8/include"/>
					<Add directory="/usr/local/include"/>
					<Add directory="/usr/lib/gcc/x86_64-linux-gnu/8/include-fixed"/>
					<Add directory="/usr/include/x86_64-linux-gnu"/>
					<Add directory="/usr/include"/>
				</Compiler>
				<MakeCommands>
					<Build command="/usr/bin/make -j4 -f &quot;/root/H/home/zhc/code/C99/Makefile&quot;  VERBOSE=1 demo1"/>
					<CompileFile command="/usr/bin/make -j4 -f &quot;/root/H/home/zhc/code/C99/Makefile&quot;  VERBOSE=1 &quot;$file&quot;"/>
					<Clean command="/usr/bin/make -j4 -f &quot;/root/H/home/zhc/code/C99/Makefile&quot;  VERBOSE=1 clean"/>
					<DistClean command="/usr/bin/make -j4 -f &quot;/root/H/home/zhc/code/C99/Makefile&quot;  VERBOSE=1 clean"/>
				</MakeCommands>
			</Target>
			<Target title="demo1/fast">
				<Option output="/root/H/home/zhc/code/C99/demo1" prefix_auto="0" extension_auto="0"/>
				<Option working_dir="/root/H/home/zhc/code/C99"/>
				<Option object_output="./"/>
				<Option type="1"/>
				<Option compiler="gcc"/>
				<Compiler>
					<Add directory="/usr/lib/gcc/x86_64-linux-gnu/8/include"/>
					<Add directory="/usr/local/include"/>
					<Add directory="/usr/lib/gcc/x86_64-linux-gnu/8/include-fixed"/>
					<Add directory="/usr/include/x86_64-linux-gnu"/>
					<Add directory="/usr/include"/>
				</Compiler>
				<MakeCommands>
					<Build command="/usr/bin/make -j4 -f &quot;/root/H/home/zhc/code/C99/Makefile&quot;  VERBOSE=1 demo1/fast"/>
					<CompileFile command="/usr/bin/make -j4 -f &quot;/root/H/home/zhc/code/C99/Makefile&quot;  VERBOSE=1 &quot;$file&quot;"/>
					<Clean command="/usr/bin/make -j4 -f &quot;/root/H/home/zhc/code/C99/Makefile&quot;  VERBOSE=1 clean"/>
					<DistClean command="/usr/bin/make -j4 -f &quot;/root/H/home/zhc/code/C99/Makefile&quot;  VERBOSE=1 clean"/>
				</MakeCommands>
			</Target>
			<Target title="demo3">
				<Option output="/root/H/home/zhc/code/C99/demo3" prefix_auto="0" extension_auto="0"/>
				<Option working_dir="/root/H/home/zhc/code/C99"/>
				<Option object_output="./"/>
				<Option type="1"/>
				<Option compiler="gcc"/>
				<Compiler>
					<Add directory="/usr/lib/gcc/x86_64-linux-gnu/8/include"/>
					<Add directory="/usr/local/include"/>
					<Add directory="/usr/lib/gcc/x86_64-linux-gnu/8/include-fixed"/>
					<Add directory="/usr/include/x86_64-linux-gnu"/>
					<Add directory="/usr/include"/>
				</Compiler>
				<MakeCommands>
					<Build command="/usr/bin/make -j4 -f &quot;/root/H/home/zhc/code/C99/Makefile&quot;  VERBOSE=1 demo3"/>
					<CompileFile command="/usr/bin/make -j4 -f &quot;/root/H/home/zhc/code/C99/Makefile&quot;  VERBOSE=1 &quot;$file&quot;"/>
					<Clean command="/usr/bin/make -j4 -f &quot;/root/H/home/zhc/code/C99/Makefile&quot;  VERBOSE=1 clean"/>
					<DistClean command="/usr/bin/make -j4 -f &quot;/root/H/home/zhc/code/C99/Makefile&quot;  VERBOSE=1 clean"/>
				</MakeCommands>
			</Target>
			<Target title="demo3/fast">
				<Option output="/root/H/home/zhc/code/C99/demo3" prefix_auto="0" extension_auto="0"/>
				<Option working_dir="/root/H/home/zhc/code/C99"/>
				<Option object_output="./"/>
				<Option type="1"/>
				<Option compiler="gcc"/>
				<Compiler>
					<Add directory="/usr/lib/gcc/x86_64-linux-gnu/8/include"/>
					<Add directory="/usr/local/include"/>
					<Add directory="/usr/lib/gcc/x86_64-linux-gnu/8/include-fixed"/>
					<Add directory="/usr/include/x86_64-linux-gnu"/>
					<Add directory="/usr/include"/>
				</Compiler>
				<MakeCommands>
					<Build command="/usr/bin/make -j4 -f &quot;/root/H/home/zhc/code/C99/Makefile&quot;  VERBOSE=1 demo3/fast"/>
					<CompileFile command="/usr/bin/make -j4 -f &quot;/root/H/home/zhc/code/C99/Makefile&quot;  VERBOSE=1 &quot;$file&quot;"/>
					<Clean command="/usr/bin/make -j4 -f &quot;/root/H/home/zhc/code/C99/Makefile&quot;  VERBOSE=1 clean"/>
					<DistClean command="/usr/bin/make -j4 -f &quot;/root/H/home/zhc/code/C99/Makefile&quot;  VERBOSE=1 clean"/>
				</MakeCommands>
			</Target>
			<Target title="demo2">
				<Option output="/root/H/home/zhc/code/C99/demo2" prefix_auto="0" extension_auto="0"/>
				<Option working_dir="/root/H/home/zhc/code/C99"/>
				<Option object_output="./"/>
				<Option type="1"/>
				<Option compiler="gcc"/>
				<Compiler>
					<Add directory="/usr/lib/gcc/x86_64-linux-gnu/8/include"/>
					<Add directory="/usr/local/include"/>
					<Add directory="/usr/lib/gcc/x86_64-linux-gnu/8/include-fixed"/>
					<Add directory="/usr/include/x86_64-linux-gnu"/>
					<Add directory="/usr/include"/>
				</Compiler>
				<MakeCommands>
					<Build command="/usr/bin/make -j4 -f &quot;/root/H/home/zhc/code/C99/Makefile&quot;  VERBOSE=1 demo2"/>
					<CompileFile command="/usr/bin/make -j4 -f &quot;/root/H/home/zhc/code/C99/Makefile&quot;  VERBOSE=1 &quot;$file&quot;"/>
					<Clean command="/usr/bin/make -j4 -f &quot;/root/H/home/zhc/code/C99/Makefile&quot;  VERBOSE=1 clean"/>
					<DistClean command="/usr/bin/make -j4 -f &quot;/root/H/home/zhc/code/C99/Makefile&quot;  VERBOSE=1 clean"/>
				</MakeCommands>
			</Target>
			<Target title="demo2/fast">
				<Option output="/root/H/home/zhc/code/C99/demo2" prefix_auto="0" extension_auto="0"/>
				<Option working_dir="/root/H/home/zhc/code/C99"/>
				<Option object_output="./"/>
				<Option type="1"/>
				<Option compiler="gcc"/>
				<Compiler>
					<Add directory="/usr/lib/gcc/x86_64-linux-gnu/8/include"/>
					<Add directory="/usr/local/include"/>
					<Add directory="/usr/lib/gcc/x86_64-linux-gnu/8/include-fixed"/>
					<Add directory="/usr/include/x86_64-linux-gnu"/>
					<Add directory="/usr/include"/>
				</Compiler>
				<MakeCommands>
					<Build command="/usr/bin/make -j4 -f &quot;/root/H/home/zhc/code/C99/Makefile&quot;  VERBOSE=1 demo2/fast"/>
					<CompileFile command="/usr/bin/make -j4 -f &quot;/root/H/home/zhc/code/C99/Makefile&quot;  VERBOSE=1 &quot;$file&quot;"/>
					<Clean command="/usr/bin/make -j4 -f &quot;/root/H/home/zhc/code/C99/Makefile&quot;  VERBOSE=1 clean"/>
					<DistClean command="/usr/bin/make -j4 -f &quot;/root/H/home/zhc/code/C99/Makefile&quot;  VERBOSE=1 clean"/>
				</MakeCommands>
			</Target>
			<Target title="b">
				<Option output="/root/H/home/zhc/code/C99/b" prefix_auto="0" extension_auto="0"/>
				<Option working_dir="/root/H/home/zhc/code/C99"/>
				<Option object_output="./"/>
				<Option type="1"/>
				<Option compiler="gcc"/>
				<Compiler>
					<Add directory="/usr/lib/gcc/x86_64-linux-gnu/8/include"/>
					<Add directory="/usr/local/include"/>
					<Add directory="/usr/lib/gcc/x86_64-linux-gnu/8/include-fixed"/>
					<Add directory="/usr/include/x86_64-linux-gnu"/>
					<Add directory="/usr/include"/>
				</Compiler>
				<MakeCommands>
					<Build command="/usr/bin/make -j4 -f &quot;/root/H/home/zhc/code/C99/Makefile&quot;  VERBOSE=1 b"/>
					<CompileFile command="/usr/bin/make -j4 -f &quot;/root/H/home/zhc/code/C99/Makefile&quot;  VERBOSE=1 &quot;$file&quot;"/>
					<Clean command="/usr/bin/make -j4 -f &quot;/root/H/home/zhc/code/C99/Makefile&quot;  VERBOSE=1 clean"/>
					<DistClean command="/usr/bin/make -j4 -f &quot;/root/H/home/zhc/code/C99/Makefile&quot;  VERBOSE=1 clean"/>
				</MakeCommands>
			</Target>
			<Target title="b/fast">
				<Option output="/root/H/home/zhc/code/C99/b" prefix_auto="0" extension_auto="0"/>
				<Option working_dir="/root/H/home/zhc/code/C99"/>
				<Option object_output="./"/>
				<Option type="1"/>
				<Option compiler="gcc"/>
				<Compiler>
					<Add directory="/usr/lib/gcc/x86_64-linux-gnu/8/include"/>
					<Add directory="/usr/local/include"/>
					<Add directory="/usr/lib/gcc/x86_64-linux-gnu/8/include-fixed"/>
					<Add directory="/usr/include/x86_64-linux-gnu"/>
					<Add directory="/usr/include"/>
				</Compiler>
				<MakeCommands>
					<Build command="/usr/bin/make -j4 -f &quot;/root/H/home/zhc/code/C99/Makefile&quot;  VERBOSE=1 b/fast"/>
					<CompileFile command="/usr/bin/make -j4 -f &quot;/root/H/home/zhc/code/C99/Makefile&quot;  VERBOSE=1 &quot;$file&quot;"/>
					<Clean command="/usr/bin/make -j4 -f &quot;/root/H/home/zhc/code/C99/Makefile&quot;  VERBOSE=1 clean"/>
					<DistClean command="/usr/bin/make -j4 -f &quot;/root/H/home/zhc/code/C99/Makefile&quot;  VERBOSE=1 clean"/>
				</MakeCommands>
			</Target>
			<Target title="Main">
				<Option output="/root/H/home/zhc/code/C99/Main" prefix_auto="0" extension_auto="0"/>
				<Option working_dir="/root/H/home/zhc/code/C99"/>
				<Option object_output="./"/>
				<Option type="1"/>
				<Option compiler="gcc"/>
				<Compiler>
					<Add directory="/usr/lib/gcc/x86_64-linux-gnu/8/include"/>
					<Add directory="/usr/local/include"/>
					<Add directory="/usr/lib/gcc/x86_64-linux-gnu/8/include-fixed"/>
					<Add directory="/usr/include/x86_64-linux-gnu"/>
					<Add directory="/usr/include"/>
				</Compiler>
				<MakeCommands>
					<Build command="/usr/bin/make -j4 -f &quot;/root/H/home/zhc/code/C99/Makefile&quot;  VERBOSE=1 Main"/>
					<CompileFile command="/usr/bin/make -j4 -f &quot;/root/H/home/zhc/code/C99/Makefile&quot;  VERBOSE=1 &quot;$file&quot;"/>
					<Clean command="/usr/bin/make -j4 -f &quot;/root/H/home/zhc/code/C99/Makefile&quot;  VERBOSE=1 clean"/>
					<DistClean command="/usr/bin/make -j4 -f &quot;/root/H/home/zhc/code/C99/Makefile&quot;  VERBOSE=1 clean"/>
				</MakeCommands>
			</Target>
			<Target title="Main/fast">
				<Option output="/root/H/home/zhc/code/C99/Main" prefix_auto="0" extension_auto="0"/>
				<Option working_dir="/root/H/home/zhc/code/C99"/>
				<Option object_output="./"/>
				<Option type="1"/>
				<Option compiler="gcc"/>
				<Compiler>
					<Add directory="/usr/lib/gcc/x86_64-linux-gnu/8/include"/>
					<Add directory="/usr/local/include"/>
					<Add directory="/usr/lib/gcc/x86_64-linux-gnu/8/include-fixed"/>
					<Add directory="/usr/include/x86_64-linux-gnu"/>
					<Add directory="/usr/include"/>
				</Compiler>
				<MakeCommands>
					<Build command="/usr/bin/make -j4 -f &quot;/root/H/home/zhc/code/C99/Makefile&quot;  VERBOSE=1 Main/fast"/>
					<CompileFile command="/usr/bin/make -j4 -f &quot;/root/H/home/zhc/code/C99/Makefile&quot;  VERBOSE=1 &quot;$file&quot;"/>
					<Clean command="/usr/bin/make -j4 -f &quot;/root/H/home/zhc/code/C99/Makefile&quot;  VERBOSE=1 clean"/>
					<DistClean command="/usr/bin/make -j4 -f &quot;/root/H/home/zhc/code/C99/Makefile&quot;  VERBOSE=1 clean"/>
				</MakeCommands>
			</Target>
			<Target title="test8">
				<Option output="/root/H/home/zhc/code/C99/test8" prefix_auto="0" extension_auto="0"/>
				<Option working_dir="/root/H/home/zhc/code/C99"/>
				<Option object_output="./"/>
				<Option type="1"/>
				<Option compiler="gcc"/>
				<Compiler>
					<Add directory="/usr/lib/gcc/x86_64-linux-gnu/8/include"/>
					<Add directory="/usr/local/include"/>
					<Add directory="/usr/lib/gcc/x86_64-linux-gnu/8/include-fixed"/>
					<Add directory="/usr/include/x86_64-linux-gnu"/>
					<Add directory="/usr/include"/>
				</Compiler>
				<MakeCommands>
					<Build command="/usr/bin/make -j4 -f &quot;/root/H/home/zhc/code/C99/Makefile&quot;  VERBOSE=1 test8"/>
					<CompileFile command="/usr/bin/make -j4 -f &quot;/root/H/home/zhc/code/C99/Makefile&quot;  VERBOSE=1 &quot;$file&quot;"/>
					<Clean command="/usr/bin/make -j4 -f &quot;/root/H/home/zhc/code/C99/Makefile&quot;  VERBOSE=1 clean"/>
					<DistClean command="/usr/bin/make -j4 -f &quot;/root/H/home/zhc/code/C99/Makefile&quot;  VERBOSE=1 clean"/>
				</MakeCommands>
			</Target>
			<Target title="test8/fast">
				<Option output="/root/H/home/zhc/code/C99/test8" prefix_auto="0" extension_auto="0"/>
				<Option working_dir="/root/H/home/zhc/code/C99"/>
				<Option object_output="./"/>
				<Option type="1"/>
				<Option compiler="gcc"/>
				<Compiler>
					<Add directory="/usr/lib/gcc/x86_64-linux-gnu/8/include"/>
					<Add directory="/usr/local/include"/>
					<Add directory="/usr/lib/gcc/x86_64-linux-gnu/8/include-fixed"/>
					<Add directory="/usr/include/x86_64-linux-gnu"/>
					<Add directory="/usr/include"/>
				</Compiler>
				<MakeCommands>
					<Build command="/usr/bin/make -j4 -f &quot;/root/H/home/zhc/code/C99/Makefile&quot;  VERBOSE=1 test8/fast"/>
					<CompileFile command="/usr/bin/make -j4 -f &quot;/root/H/home/zhc/code/C99/Makefile&quot;  VERBOSE=1 &quot;$file&quot;"/>
					<Clean command="/usr/bin/make -j4 -f &quot;/root/H/home/zhc/code/C99/Makefile&quot;  VERBOSE=1 clean"/>
					<DistClean command="/usr/bin/make -j4 -f &quot;/root/H/home/zhc/code/C99/Makefile&quot;  VERBOSE=1 clean"/>
				</MakeCommands>
			</Target>
			<Target title="rebuild_cache">
				<Option working_dir="/root/H/home/zhc/code/C99"/>
				<Option type="4"/>
				<MakeCommands>
					<Build command="/usr/bin/make -j4 -f &quot;/root/H/home/zhc/code/C99/Makefile&quot;  VERBOSE=1 rebuild_cache"/>
					<CompileFile command="/usr/bin/make -j4 -f &quot;/root/H/home/zhc/code/C99/Makefile&quot;  VERBOSE=1 &quot;$file&quot;"/>
					<Clean command="/usr/bin/make -j4 -f &quot;/root/H/home/zhc/code/C99/Makefile&quot;  VERBOSE=1 clean"/>
					<DistClean command="/usr/bin/make -j4 -f &quot;/root/H/home/zhc/code/C99/Makefile&quot;  VERBOSE=1 clean"/>
				</MakeCommands>
			</Target>
			<Target title="FileXor">
				<Option output="/root/H/home/zhc/code/C99/FileXor" prefix_auto="0" extension_auto="0"/>
				<Option working_dir="/root/H/home/zhc/code/C99"/>
				<Option object_output="./"/>
				<Option type="1"/>
				<Option compiler="gcc"/>
				<Compiler>
					<Add directory="/usr/lib/gcc/x86_64-linux-gnu/8/include"/>
					<Add directory="/usr/local/include"/>
					<Add directory="/usr/lib/gcc/x86_64-linux-gnu/8/include-fixed"/>
					<Add directory="/usr/include/x86_64-linux-gnu"/>
					<Add directory="/usr/include"/>
				</Compiler>
				<MakeCommands>
					<Build command="/usr/bin/make -j4 -f &quot;/root/H/home/zhc/code/C99/Makefile&quot;  VERBOSE=1 FileXor"/>
					<CompileFile command="/usr/bin/make -j4 -f &quot;/root/H/home/zhc/code/C99/Makefile&quot;  VERBOSE=1 &quot;$file&quot;"/>
					<Clean command="/usr/bin/make -j4 -f &quot;/root/H/home/zhc/code/C99/Makefile&quot;  VERBOSE=1 clean"/>
					<DistClean command="/usr/bin/make -j4 -f &quot;/root/H/home/zhc/code/C99/Makefile&quot;  VERBOSE=1 clean"/>
				</MakeCommands>
			</Target>
			<Target title="FileXor/fast">
				<Option output="/root/H/home/zhc/code/C99/FileXor" prefix_auto="0" extension_auto="0"/>
				<Option working_dir="/root/H/home/zhc/code/C99"/>
				<Option object_output="./"/>
				<Option type="1"/>
				<Option compiler="gcc"/>
				<Compiler>
					<Add directory="/usr/lib/gcc/x86_64-linux-gnu/8/include"/>
					<Add directory="/usr/local/include"/>
					<Add directory="/usr/lib/gcc/x86_64-linux-gnu/8/include-fixed"/>
					<Add directory="/usr/include/x86_64-linux-gnu"/>
					<Add directory="/usr/include"/>
				</Compiler>
				<MakeCommands>
					<Build command="/usr/bin/make -j4 -f &quot;/root/H/home/zhc/code/C99/Makefile&quot;  VERBOSE=1 FileXor/fast"/>
					<CompileFile command="/usr/bin/make -j4 -f &quot;/root/H/home/zhc/code/C99/Makefile&quot;  VERBOSE=1 &quot;$file&quot;"/>
					<Clean command="/usr/bin/make -j4 -f &quot;/root/H/home/zhc/code/C99/Makefile&quot;  VERBOSE=1 clean"/>
					<DistClean command="/usr/bin/make -j4 -f &quot;/root/H/home/zhc/code/C99/Makefile&quot;  VERBOSE=1 clean"/>
				</MakeCommands>
			</Target>
			<Target title="demo0">
				<Option output="/root/H/home/zhc/code/C99/demo0" prefix_auto="0" extension_auto="0"/>
				<Option working_dir="/root/H/home/zhc/code/C99"/>
				<Option object_output="./"/>
				<Option type="1"/>
				<Option compiler="gcc"/>
				<Compiler>
					<Add directory="/usr/lib/gcc/x86_64-linux-gnu/8/include"/>
					<Add directory="/usr/local/include"/>
					<Add directory="/usr/lib/gcc/x86_64-linux-gnu/8/include-fixed"/>
					<Add directory="/usr/include/x86_64-linux-gnu"/>
					<Add directory="/usr/include"/>
				</Compiler>
				<MakeCommands>
					<Build command="/usr/bin/make -j4 -f &quot;/root/H/home/zhc/code/C99/Makefile&quot;  VERBOSE=1 demo0"/>
					<CompileFile command="/usr/bin/make -j4 -f &quot;/root/H/home/zhc/code/C99/Makefile&quot;  VERBOSE=1 &quot;$file&quot;"/>
					<Clean command="/usr/bin/make -j4 -f &quot;/root/H/home/zhc/code/C99/Makefile&quot;  VERBOSE=1 clean"/>
					<DistClean command="/usr/bin/make -j4 -f &quot;/root/H/home/zhc/code/C99/Makefile&quot;  VERBOSE=1 clean"/>
				</MakeCommands>
			</Target>
			<Target title="demo0/fast">
				<Option output="/root/H/home/zhc/code/C99/demo0" prefix_auto="0" extension_auto="0"/>
				<Option working_dir="/root/H/home/zhc/code/C99"/>
				<Option object_output="./"/>
				<Option type="1"/>
				<Option compiler="gcc"/>
				<Compiler>
					<Add directory="/usr/lib/gcc/x86_64-linux-gnu/8/include"/>
					<Add directory="/usr/local/include"/>
					<Add directory="/usr/lib/gcc/x86_64-linux-gnu/8/include-fixed"/>
					<Add directory="/usr/include/x86_64-linux-gnu"/>
					<Add directory="/usr/include"/>
				</Compiler>
				<MakeCommands>
					<Build command="/usr/bin/make -j4 -f &quot;/root/H/home/zhc/code/C99/Makefile&quot;  VERBOSE=1 demo0/fast"/>
					<CompileFile command="/usr/bin/make -j4 -f &quot;/root/H/home/zhc/code/C99/Makefile&quot;  VERBOSE=1 &quot;$file&quot;"/>
					<Clean command="/usr/bin/make -j4 -f &quot;/root/H/home/zhc/code/C99/Makefile&quot;  VERBOSE=1 clean"/>
					<DistClean command="/usr/bin/make -j4 -f &quot;/root/H/home/zhc/code/C99/Makefile&quot;  VERBOSE=1 clean"/>
				</MakeCommands>
			</Target>
			<Target title="test6">
				<Option output="/root/H/home/zhc/code/C99/test6" prefix_auto="0" extension_auto="0"/>
				<Option working_dir="/root/H/home/zhc/code/C99"/>
				<Option object_output="./"/>
				<Option type="1"/>
				<Option compiler="gcc"/>
				<Compiler>
					<Add directory="/usr/lib/gcc/x86_64-linux-gnu/8/include"/>
					<Add directory="/usr/local/include"/>
					<Add directory="/usr/lib/gcc/x86_64-linux-gnu/8/include-fixed"/>
					<Add directory="/usr/include/x86_64-linux-gnu"/>
					<Add directory="/usr/include"/>
				</Compiler>
				<MakeCommands>
					<Build command="/usr/bin/make -j4 -f &quot;/root/H/home/zhc/code/C99/Makefile&quot;  VERBOSE=1 test6"/>
					<CompileFile command="/usr/bin/make -j4 -f &quot;/root/H/home/zhc/code/C99/Makefile&quot;  VERBOSE=1 &quot;$file&quot;"/>
					<Clean command="/usr/bin/make -j4 -f &quot;/root/H/home/zhc/code/C99/Makefile&quot;  VERBOSE=1 clean"/>
					<DistClean command="/usr/bin/make -j4 -f &quot;/root/H/home/zhc/code/C99/Makefile&quot;  VERBOSE=1 clean"/>
				</MakeCommands>
			</Target>
			<Target title="test6/fast">
				<Option output="/root/H/home/zhc/code/C99/test6" prefix_auto="0" extension_auto="0"/>
				<Option working_dir="/root/H/home/zhc/code/C99"/>
				<Option object_output="./"/>
				<Option type="1"/>
				<Option compiler="gcc"/>
				<Compiler>
					<Add directory="/usr/lib/gcc/x86_64-linux-gnu/8/include"/>
					<Add directory="/usr/local/include"/>
					<Add directory="/usr/lib/gcc/x86_64-linux-gnu/8/include-fixed"/>
					<Add directory="/usr/include/x86_64-linux-gnu"/>
					<Add directory="/usr/include"/>
				</Compiler>
				<MakeCommands>
					<Build command="/usr/bin/make -j4 -f &quot;/root/H/home/zhc/code/C99/Makefile&quot;  VERBOSE=1 test6/fast"/>
					<CompileFile command="/usr/bin/make -j4 -f &quot;/root/H/home/zhc/code/C99/Makefile&quot;  VERBOSE=1 &quot;$file&quot;"/>
					<Clean command="/usr/bin/make -j4 -f &quot;/root/H/home/zhc/code/C99/Makefile&quot;  VERBOSE=1 clean"/>
					<DistClean command="/usr/bin/make -j4 -f &quot;/root/H/home/zhc/code/C99/Makefile&quot;  VERBOSE=1 clean"/>
				</MakeCommands>
			</Target>
			<Target title="test7">
				<Option output="/root/H/home/zhc/code/C99/test7" prefix_auto="0" extension_auto="0"/>
				<Option working_dir="/root/H/home/zhc/code/C99"/>
				<Option object_output="./"/>
				<Option type="1"/>
				<Option compiler="gcc"/>
				<Compiler>
					<Add directory="/usr/lib/gcc/x86_64-linux-gnu/8/include"/>
					<Add directory="/usr/local/include"/>
					<Add directory="/usr/lib/gcc/x86_64-linux-gnu/8/include-fixed"/>
					<Add directory="/usr/include/x86_64-linux-gnu"/>
					<Add directory="/usr/include"/>
				</Compiler>
				<MakeCommands>
					<Build command="/usr/bin/make -j4 -f &quot;/root/H/home/zhc/code/C99/Makefile&quot;  VERBOSE=1 test7"/>
					<CompileFile command="/usr/bin/make -j4 -f &quot;/root/H/home/zhc/code/C99/Makefile&quot;  VERBOSE=1 &quot;$file&quot;"/>
					<Clean command="/usr/bin/make -j4 -f &quot;/root/H/home/zhc/code/C99/Makefile&quot;  VERBOSE=1 clean"/>
					<DistClean command="/usr/bin/make -j4 -f &quot;/root/H/home/zhc/code/C99/Makefile&quot;  VERBOSE=1 clean"/>
				</MakeCommands>
			</Target>
			<Target title="test7/fast">
				<Option output="/root/H/home/zhc/code/C99/test7" prefix_auto="0" extension_auto="0"/>
				<Option working_dir="/root/H/home/zhc/code/C99"/>
				<Option object_output="./"/>
				<Option type="1"/>
				<Option compiler="gcc"/>
				<Compiler>
					<Add directory="/usr/lib/gcc/x86_64-linux-gnu/8/include"/>
					<Add directory="/usr/local/include"/>
					<Add directory="/usr/lib/gcc/x86_64-linux-gnu/8/include-fixed"/>
					<Add directory="/usr/include/x86_64-linux-gnu"/>
					<Add directory="/usr/include"/>
				</Compiler>
				<MakeCommands>
					<Build command="/usr/bin/make -j4 -f &quot;/root/H/home/zhc/code/C99/Makefile&quot;  VERBOSE=1 test7/fast"/>
					<CompileFile command="/usr/bin/make -j4 -f &quot;/root/H/home/zhc/code/C99/Makefile&quot;  VERBOSE=1 &quot;$file&quot;"/>
					<Clean command="/usr/bin/make -j4 -f &quot;/root/H/home/zhc/code/C99/Makefile&quot;  VERBOSE=1 clean"/>
					<DistClean command="/usr/bin/make -j4 -f &quot;/root/H/home/zhc/code/C99/Makefile&quot;  VERBOSE=1 clean"/>
				</MakeCommands>
			</Target>
			<Target title="Base128_dir">
				<Option output="/root/H/home/zhc/code/C99/Base128_dir" prefix_auto="0" extension_auto="0"/>
				<Option working_dir="/root/H/home/zhc/code/C99"/>
				<Option object_output="./"/>
				<Option type="1"/>
				<Option compiler="gcc"/>
				<Compiler>
					<Add directory="/usr/lib/gcc/x86_64-linux-gnu/8/include"/>
					<Add directory="/usr/local/include"/>
					<Add directory="/usr/lib/gcc/x86_64-linux-gnu/8/include-fixed"/>
					<Add directory="/usr/include/x86_64-linux-gnu"/>
					<Add directory="/usr/include"/>
				</Compiler>
				<MakeCommands>
					<Build command="/usr/bin/make -j4 -f &quot;/root/H/home/zhc/code/C99/Makefile&quot;  VERBOSE=1 Base128_dir"/>
					<CompileFile command="/usr/bin/make -j4 -f &quot;/root/H/home/zhc/code/C99/Makefile&quot;  VERBOSE=1 &quot;$file&quot;"/>
					<Clean command="/usr/bin/make -j4 -f &quot;/root/H/home/zhc/code/C99/Makefile&quot;  VERBOSE=1 clean"/>
					<DistClean command="/usr/bin/make -j4 -f &quot;/root/H/home/zhc/code/C99/Makefile&quot;  VERBOSE=1 clean"/>
				</MakeCommands>
			</Target>
			<Target title="Base128_dir/fast">
				<Option output="/root/H/home/zhc/code/C99/Base128_dir" prefix_auto="0" extension_auto="0"/>
				<Option working_dir="/root/H/home/zhc/code/C99"/>
				<Option object_output="./"/>
				<Option type="1"/>
				<Option compiler="gcc"/>
				<Compiler>
					<Add directory="/usr/lib/gcc/x86_64-linux-gnu/8/include"/>
					<Add directory="/usr/local/include"/>
					<Add directory="/usr/lib/gcc/x86_64-linux-gnu/8/include-fixed"/>
					<Add directory="/usr/include/x86_64-linux-gnu"/>
					<Add directory="/usr/include"/>
				</Compiler>
				<MakeCommands>
					<Build command="/usr/bin/make -j4 -f &quot;/root/H/home/zhc/code/C99/Makefile&quot;  VERBOSE=1 Base128_dir/fast"/>
					<CompileFile command="/usr/bin/make -j4 -f &quot;/root/H/home/zhc/code/C99/Makefile&quot;  VERBOSE=1 &quot;$file&quot;"/>
					<Clean command="/usr/bin/make -j4 -f &quot;/root/H/home/zhc/code/C99/Makefile&quot;  VERBOSE=1 clean"/>
					<DistClean command="/usr/bin/make -j4 -f &quot;/root/H/home/zhc/code/C99/Makefile&quot;  VERBOSE=1 clean"/>
				</MakeCommands>
			</Target>
			<Target title="test10">
				<Option output="/root/H/home/zhc/code/C99/test10" prefix_auto="0" extension_auto="0"/>
				<Option working_dir="/root/H/home/zhc/code/C99"/>
				<Option object_output="./"/>
				<Option type="1"/>
				<Option compiler="gcc"/>
				<Compiler>
					<Add directory="/usr/lib/gcc/x86_64-linux-gnu/8/include"/>
					<Add directory="/usr/local/include"/>
					<Add directory="/usr/lib/gcc/x86_64-linux-gnu/8/include-fixed"/>
					<Add directory="/usr/include/x86_64-linux-gnu"/>
					<Add directory="/usr/include"/>
				</Compiler>
				<MakeCommands>
					<Build command="/usr/bin/make -j4 -f &quot;/root/H/home/zhc/code/C99/Makefile&quot;  VERBOSE=1 test10"/>
					<CompileFile command="/usr/bin/make -j4 -f &quot;/root/H/home/zhc/code/C99/Makefile&quot;  VERBOSE=1 &quot;$file&quot;"/>
					<Clean command="/usr/bin/make -j4 -f &quot;/root/H/home/zhc/code/C99/Makefile&quot;  VERBOSE=1 clean"/>
					<DistClean command="/usr/bin/make -j4 -f &quot;/root/H/home/zhc/code/C99/Makefile&quot;  VERBOSE=1 clean"/>
				</MakeCommands>
			</Target>
			<Target title="test10/fast">
				<Option output="/root/H/home/zhc/code/C99/test10" prefix_auto="0" extension_auto="0"/>
				<Option working_dir="/root/H/home/zhc/code/C99"/>
				<Option object_output="./"/>
				<Option type="1"/>
				<Option compiler="gcc"/>
				<Compiler>
					<Add directory="/usr/lib/gcc/x86_64-linux-gnu/8/include"/>
					<Add directory="/usr/local/include"/>
					<Add directory="/usr/lib/gcc/x86_64-linux-gnu/8/include-fixed"/>
					<Add directory="/usr/include/x86_64-linux-gnu"/>
					<Add directory="/usr/include"/>
				</Compiler>
				<MakeCommands>
					<Build command="/usr/bin/make -j4 -f &quot;/root/H/home/zhc/code/C99/Makefile&quot;  VERBOSE=1 test10/fast"/>
					<CompileFile command="/usr/bin/make -j4 -f &quot;/root/H/home/zhc/code/C99/Makefile&quot;  VERBOSE=1 &quot;$file&quot;"/>
					<Clean command="/usr/bin/make -j4 -f &quot;/root/H/home/zhc/code/C99/Makefile&quot;  VERBOSE=1 clean"/>
					<DistClean command="/usr/bin/make -j4 -f &quot;/root/H/home/zhc/code/C99/Makefile&quot;  VERBOSE=1 clean"/>
				</MakeCommands>
			</Target>
			<Target title="test9">
				<Option output="/root/H/home/zhc/code/C99/test9" prefix_auto="0" extension_auto="0"/>
				<Option working_dir="/root/H/home/zhc/code/C99"/>
				<Option object_output="./"/>
				<Option type="1"/>
				<Option compiler="gcc"/>
				<Compiler>
					<Add directory="/usr/lib/gcc/x86_64-linux-gnu/8/include"/>
					<Add directory="/usr/local/include"/>
					<Add directory="/usr/lib/gcc/x86_64-linux-gnu/8/include-fixed"/>
					<Add directory="/usr/include/x86_64-linux-gnu"/>
					<Add directory="/usr/include"/>
				</Compiler>
				<MakeCommands>
					<Build command="/usr/bin/make -j4 -f &quot;/root/H/home/zhc/code/C99/Makefile&quot;  VERBOSE=1 test9"/>
					<CompileFile command="/usr/bin/make -j4 -f &quot;/root/H/home/zhc/code/C99/Makefile&quot;  VERBOSE=1 &quot;$file&quot;"/>
					<Clean command="/usr/bin/make -j4 -f &quot;/root/H/home/zhc/code/C99/Makefile&quot;  VERBOSE=1 clean"/>
					<DistClean command="/usr/bin/make -j4 -f &quot;/root/H/home/zhc/code/C99/Makefile&quot;  VERBOSE=1 clean"/>
				</MakeCommands>
			</Target>
			<Target title="test9/fast">
				<Option output="/root/H/home/zhc/code/C99/test9" prefix_auto="0" extension_auto="0"/>
				<Option working_dir="/root/H/home/zhc/code/C99"/>
				<Option object_output="./"/>
				<Option type="1"/>
				<Option compiler="gcc"/>
				<Compiler>
					<Add directory="/usr/lib/gcc/x86_64-linux-gnu/8/include"/>
					<Add directory="/usr/local/include"/>
					<Add directory="/usr/lib/gcc/x86_64-linux-gnu/8/include-fixed"/>
					<Add directory="/usr/include/x86_64-linux-gnu"/>
					<Add directory="/usr/include"/>
				</Compiler>
				<MakeCommands>
					<Build command="/usr/bin/make -j4 -f &quot;/root/H/home/zhc/code/C99/Makefile&quot;  VERBOSE=1 test9/fast"/>
					<CompileFile command="/usr/bin/make -j4 -f &quot;/root/H/home/zhc/code/C99/Makefile&quot;  VERBOSE=1 &quot;$file&quot;"/>
					<Clean command="/usr/bin/make -j4 -f &quot;/root/H/home/zhc/code/C99/Makefile&quot;  VERBOSE=1 clean"/>
					<DistClean command="/usr/bin/make -j4 -f &quot;/root/H/home/zhc/code/C99/Makefile&quot;  VERBOSE=1 clean"/>
				</MakeCommands>
			</Target>
			<Target title="Base64">
				<Option output="/root/H/home/zhc/code/C99/Base64" prefix_auto="0" extension_auto="0"/>
				<Option working_dir="/root/H/home/zhc/code/C99"/>
				<Option object_output="./"/>
				<Option type="1"/>
				<Option compiler="gcc"/>
				<Compiler>
					<Add directory="/usr/lib/gcc/x86_64-linux-gnu/8/include"/>
					<Add directory="/usr/local/include"/>
					<Add directory="/usr/lib/gcc/x86_64-linux-gnu/8/include-fixed"/>
					<Add directory="/usr/include/x86_64-linux-gnu"/>
					<Add directory="/usr/include"/>
				</Compiler>
				<MakeCommands>
					<Build command="/usr/bin/make -j4 -f &quot;/root/H/home/zhc/code/C99/Makefile&quot;  VERBOSE=1 Base64"/>
					<CompileFile command="/usr/bin/make -j4 -f &quot;/root/H/home/zhc/code/C99/Makefile&quot;  VERBOSE=1 &quot;$file&quot;"/>
					<Clean command="/usr/bin/make -j4 -f &quot;/root/H/home/zhc/code/C99/Makefile&quot;  VERBOSE=1 clean"/>
					<DistClean command="/usr/bin/make -j4 -f &quot;/root/H/home/zhc/code/C99/Makefile&quot;  VERBOSE=1 clean"/>
				</MakeCommands>
			</Target>
			<Target title="Base64/fast">
				<Option output="/root/H/home/zhc/code/C99/Base64" prefix_auto="0" extension_auto="0"/>
				<Option working_dir="/root/H/home/zhc/code/C99"/>
				<Option object_output="./"/>
				<Option type="1"/>
				<Option compiler="gcc"/>
				<Compiler>
					<Add directory="/usr/lib/gcc/x86_64-linux-gnu/8/include"/>
					<Add directory="/usr/local/include"/>
					<Add directory="/usr/lib/gcc/x86_64-linux-gnu/8/include-fixed"/>
					<Add directory="/usr/include/x86_64-linux-gnu"/>
					<Add directory="/usr/include"/>
				</Compiler>
				<MakeCommands>
					<Build command="/usr/bin/make -j4 -f &quot;/root/H/home/zhc/code/C99/Makefile&quot;  VERBOSE=1 Base64/fast"/>
					<CompileFile command="/usr/bin/make -j4 -f &quot;/root/H/home/zhc/code/C99/Makefile&quot;  VERBOSE=1 &quot;$file&quot;"/>
					<Clean command="/usr/bin/make -j4 -f &quot;/root/H/home/zhc/code/C99/Makefile&quot;  VERBOSE=1 clean"/>
					<DistClean command="/usr/bin/make -j4 -f &quot;/root/H/home/zhc/code/C99/Makefile&quot;  VERBOSE=1 clean"/>
				</MakeCommands>
			</Target>
		</Build>
		<Unit filename="/root/H/home/zhc/code/C99/b.c">
			<Option target="b"/>
		</Unit>
		<Unit filename="/root/H/home/zhc/code/C99/demo0.c">
			<Option target="demo0"/>
		</Unit>
		<Unit filename="/root/H/home/zhc/code/C99/demo1.c">
			<Option target="demo1"/>
		</Unit>
		<Unit filename="/root/H/home/zhc/code/C99/demo2.c">
			<Option target="demo2"/>
		</Unit>
		<Unit filename="/root/H/home/zhc/code/C99/demo3.c">
			<Option target="demo3"/>
		</Unit>
		<Unit filename="/root/H/home/zhc/code/C99/demo4.c">
			<Option target="demo4"/>
		</Unit>
		<Unit filename="/root/H/home/zhc/code/C99/demo5.c">
			<Option target="demo5"/>
		</Unit>
		<Unit filename="/root/H/home/zhc/code/C99/getFileSize.c">
			<Option target="getFileSize"/>
		</Unit>
		<Unit filename="/root/H/home/zhc/code/C99/main.c">
			<Option target="Main"/>
		</Unit>
		<Unit filename="/root/H/home/zhc/code/C99/test10.c">
			<Option target="test10"/>
		</Unit>
		<Unit filename="/root/H/home/zhc/code/C99/test6.c">
			<Option target="test6"/>
		</Unit>
		<Unit filename="/root/H/home/zhc/code/C99/test7.c">
			<Option target="test7"/>
		</Unit>
		<Unit filename="/root/H/home/zhc/code/C99/test8.c">
			<Option target="test8"/>
		</Unit>
		<Unit filename="/root/H/home/zhc/code/C99/test9.c">
			<Option target="test9"/>
		</Unit>
		<Unit filename="/root/H/home/zhc/code/C99/u/Base128.c">
			<Option target="Base128"/>
		</Unit>
		<Unit filename="/root/H/home/zhc/code/C99/u/Base128_old.c">
			<Option target="Base128_Old"/>
		</Unit>
		<Unit filename="/root/H/home/zhc/code/C99/u/Base64.c">
			<Option target="Base64"/>
		</Unit>
		<Unit filename="/root/H/home/zhc/code/C99/u/FileXor.c">
			<Option target="FileXor"/>
		</Unit>
		<Unit filename="/root/H/home/zhc/code/C99/u/encode.c">
			<Option target="Base128_dir"/>
		</Unit>
		<Unit filename="/root/H/home/zhc/code/C99/CMakeLists.txt">
			<Option virtualFolder="CMake Files\"/>
		</Unit>
		<Unit filename="/root/H/home/zhc/code/C99/../../exe/clion-2019.1.3/bin/cmake/linux/share/cmake-3.14/Modules/CMakeCInformation.cmake">
			<Option virtualFolder="CMake Files\..\..\exe\clion-2019.1.3\bin\cmake\linux\share\cmake-3.14\Modules\"/>
		</Unit>
		<Unit filename="/root/H/home/zhc/code/C99/../../exe/clion-2019.1.3/bin/cmake/linux/share/cmake-3.14/Modules/CMakeCheckCompilerFlagCommonPatterns.cmake">
			<Option virtualFolder="CMake Files\..\..\exe\clion-2019.1.3\bin\cmake\linux\share\cmake-3.14\Modules\"/>
		</Unit>
		<Unit filename="/root/H/home/zhc/code/C99/../../exe/clion-2019.1.3/bin/cmake/linux/share/cmake-3.14/Modules/CMakeCommonLanguageInclude.cmake">
			<Option virtualFolder="CMake Files\..\..\exe\clion-2019.1.3\bin\cmake\linux\share\cmake-3.14\Modules\"/>
		</Unit>
		<Unit filename="/root/H/home/zhc/code/C99/../../exe/clion-2019.1.3/bin/cmake/linux/share/cmake-3.14/Modules/CMakeExtraGeneratorDetermineCompilerMacrosAndIncludeDirs.cmake">
			<Option virtualFolder="CMake Files\..\..\exe\clion-2019.1.3\bin\cmake\linux\share\cmake-3.14\Modules\"/>
		</Unit>
		<Unit filename="/root/H/home/zhc/code/C99/../../exe/clion-2019.1.3/bin/cmake/linux/share/cmake-3.14/Modules/CMakeFindCodeBlocks.cmake">
			<Option virtualFolder="CMake Files\..\..\exe\clion-2019.1.3\bin\cmake\linux\share\cmake-3.14\Modules\"/>
		</Unit>
		<Unit filename="/root/H/home/zhc/code/C99/../../exe/clion-2019.1.3/bin/cmake/linux/share/cmake-3.14/Modules/CMakeGenericSystem.cmake">
			<Option virtualFolder="CMake Files\..\..\exe\clion-2019.1.3\bin\cmake\linux\share\cmake-3.14\Modules\"/>
		</Unit>
		<Unit filename="/root/H/home/zhc/code/C99/../../exe/clion-2019.1.3/bin/cmake/linux/share/cmake-3.14/Modules/CMakeInitializeConfigs.cmake">
			<Option virtualFolder="CMake Files\..\..\exe\clion-2019.1.3\bin\cmake\linux\share\cmake-3.14\Modules\"/>
		</Unit>
		<Unit filename="/root/H/home/zhc/code/C99/../../exe/clion-2019.1.3/bin/cmake/linux/share/cmake-3.14/Modules/CMakeLanguageInformation.cmake">
			<Option virtualFolder="CMake Files\..\..\exe\clion-2019.1.3\bin\cmake\linux\share\cmake-3.14\Modules\"/>
		</Unit>
		<Unit filename="/root/H/home/zhc/code/C99/../../exe/clion-2019.1.3/bin/cmake/linux/share/cmake-3.14/Modules/CMakeSystemSpecificInformation.cmake">
			<Option virtualFolder="CMake Files\..\..\exe\clion-2019.1.3\bin\cmake\linux\share\cmake-3.14\Modules\"/>
		</Unit>
		<Unit filename="/root/H/home/zhc/code/C99/../../exe/clion-2019.1.3/bin/cmake/linux/share/cmake-3.14/Modules/CMakeSystemSpecificInitialize.cmake">
			<Option virtualFolder="CMake Files\..\..\exe\clion-2019.1.3\bin\cmake\linux\share\cmake-3.14\Modules\"/>
		</Unit>
		<Unit filename="/root/H/home/zhc/code/C99/../../exe/clion-2019.1.3/bin/cmake/linux/share/cmake-3.14/Modules/ProcessorCount.cmake">
			<Option virtualFolder="CMake Files\..\..\exe\clion-2019.1.3\bin\cmake\linux\share\cmake-3.14\Modules\"/>
		</Unit>
		<Unit filename="/root/H/home/zhc/code/C99/../../exe/clion-2019.1.3/bin/cmake/linux/share/cmake-3.14/Modules/Platform/Linux-GNU-C.cmake">
			<Option virtualFolder="CMake Files\..\..\exe\clion-2019.1.3\bin\cmake\linux\share\cmake-3.14\Modules\Platform\"/>
		</Unit>
		<Unit filename="/root/H/home/zhc/code/C99/../../exe/clion-2019.1.3/bin/cmake/linux/share/cmake-3.14/Modules/Platform/Linux-GNU.cmake">
			<Option virtualFolder="CMake Files\..\..\exe\clion-2019.1.3\bin\cmake\linux\share\cmake-3.14\Modules\Platform\"/>
		</Unit>
		<Unit filename="/root/H/home/zhc/code/C99/../../exe/clion-2019.1.3/bin/cmake/linux/share/cmake-3.14/Modules/Platform/Linux.cmake">
			<Option virtualFolder="CMake Files\..\..\exe\clion-2019.1.3\bin\cmake\linux\share\cmake-3.14\Modules\Platform\"/>
		</Unit>
		<Unit filename="/root/H/home/zhc/code/C99/../../exe/clion-2019.1.3/bin/cmake/linux/share/cmake-3.14/Modules/Platform/UnixPaths.cmake">
			<Option virtualFolder="CMake Files\..\..\exe\clion-2019.1.3\bin\cmake\linux\share\cmake-3.14\Modules\Platform\"/>
		</Unit>
		<Unit filename="/root/H/home/zhc/code/C99/../../exe/clion-2019.1.3/bin/cmake/linux/share/cmake-3.14/Modules/Compiler/CMakeCommonCompilerMacros.cmake">
			<Option virtualFolder="CMake Files\..\..\exe\clion-2019.1.3\bin\cmake\linux\share\cmake-3.14\Modules\Compiler\"/>
		</Unit>
		<Unit filename="/root/H/home/zhc/code/C99/../../exe/clion-2019.1.3/bin/cmake/linux/share/cmake-3.14/Modules/Compiler/GNU-C.cmake">
			<Option virtualFolder="CMake Files\..\..\exe\clion-2019.1.3\bin\cmake\linux\share\cmake-3.14\Modules\Compiler\"/>
		</Unit>
		<Unit filename="/root/H/home/zhc/code/C99/../../exe/clion-2019.1.3/bin/cmake/linux/share/cmake-3.14/Modules/Compiler/GNU.cmake">
			<Option virtualFolder="CMake Files\..\..\exe\clion-2019.1.3\bin\cmake\linux\share\cmake-3.14\Modules\Compiler\"/>
		</Unit>
		<Unit filename="/root/H/home/zhc/code/C99/../../exe/clion-2019.1.3/bin/cmake/linux/share/cmake-3.14/Modules/Internal/CMakeCheckCompilerFlag.cmake">
			<Option virtualFolder="CMake Files\..\..\exe\clion-2019.1.3\bin\cmake\linux\share\cmake-3.14\Modules\Internal\"/>
		</Unit>
	</Project>
</CodeBlocks_project_file>
